%{
  "jason": {:hex, :jason, "1.4.4", "b9226785a9aa77b6857ca22832cffa5d5011a667207eb2a0ad56adb5db443b8a", [:mix], [{:decimal, "~> 1.0 or ~> 2.0", [hex: :decimal, repo: "hexpm", optional: true]}], "hexpm", "c5eb0cab91f094599f94d55bc63409236a8ec69a21a67814529e8d5f6cc90b3b"},
  "telegex": {:hex, :telegex, "1.8.0", "982ef33e9576167189c4980c27ebe927e8b0945d0e8c93c1173ea9482ef78137", [:mix], [{:jason, "~> 1.4", [hex: :jason, repo: "hexpm", optional: false]}, {:typed_struct, "~> 0.3.0", [hex: :typed_struct, repo: "hexpm", optional: false]}], "hexpm", "899fdadedc3691faf923e12639247b083f259284b2963e94b265088473c7349b"},
  "telemetry": {:hex, :telemetry, "1.3.0", "fedebbae410d715cf8e7062c96a1ef32ec22e764197f70cda73d82778d61e7a2", [:rebar3], [], "hexpm", "7015fc8919dbe63764f4b4b87a95b7c0996bd539e0d499be6ec9d7f3875b79e6"},
  "tower": {:hex, :tower, "0.6.0", "3645ebea87d97bd88ada1d663a07c21bae7bd433ee7c890f436b6ecef68b8029", [:mix], [{:telemetry, "~> 1.1", [hex: :telemetry, repo: "hexpm", optional: false]}, {:uniq, "~> 0.6.0", [hex: :uniq, repo: "hexpm", optional: false]}], "hexpm", "994a7b2d572f984095a4383e9b882e5589dc5b19afc516e8d96a641936474889"},
  "typed_struct": {:hex, :typed_struct, "0.3.0", "939789e3c1dca39d7170c87f729127469d1315dcf99fee8e152bb774b17e7ff7", [:mix], [], "hexpm", "c50bd5c3a61fe4e198a8504f939be3d3c85903b382bde4865579bc23111d1b6d"},
  "uniq": {:hex, :uniq, "0.6.1", "369660ecbc19051be526df3aa85dc393af5f61f45209bce2fa6d7adb051ae03c", [:mix], [{:ecto, "~> 3.0", [hex: :ecto, repo: "hexpm", optional: true]}], "hexpm", "6426c34d677054b3056947125b22e0daafd10367b85f349e24ac60f44effb916"},
}
